
Microsoft Visual Studio Solution File, Format Version 12.00
# Visual Studio Version 17
VisualStudioVersion = 17.14.36121.58
MinimumVisualStudioVersion = 10.0.40219.1
Project("{2150E333-8FDC-42A3-9474-1A3956D46DE8}") = "BookingService", "BookingService", "{02EA681E-C7D8-13C7-8484-4AC65E1B71E8}"
EndProject
Project("{2150E333-8FDC-42A3-9474-1A3956D46DE8}") = "PaymentService", "PaymentService", "{D1B503FF-0D95-4979-BA7D-99991FFF3270}"
EndProject
Project("{2150E333-8FDC-42A3-9474-1A3956D46DE8}") = "Adapters", "Adapters", "{F3E6E658-99A1-4DE0-8E0B-E14794933765}"
EndProject
Project("{2150E333-8FDC-42A3-9474-1A3956D46DE8}") = "Consumers", "Consumers", "{8D738D12-DF7A-4BB1-8826-1073C61ADBFE}"
EndProject
Project("{2150E333-8FDC-42A3-9474-1A3956D46DE8}") = "Core", "Core", "{C5AB0190-FFC3-4983-A279-500F3EA0FD9E}"
EndProject
Project("{2150E333-8FDC-42A3-9474-1A3956D46DE8}") = "Tests", "Tests", "{30184653-5AA8-4EFD-9D38-EC3C6FE68B8E}"
EndProject
Project("{FAE04EC0-301F-11D3-BF4B-00C04F79EFBC}") = "Data", "BookingService\Adapters\Data\Data.csproj", "{199B0D8B-3115-4138-8EE9-D01AEDAA8814}"
EndProject
Project("{2150E333-8FDC-42A3-9474-1A3956D46DE8}") = "Application", "Application", "{67112502-9901-4846-89A8-EB4BAD4FB026}"
EndProject
Project("{2150E333-8FDC-42A3-9474-1A3956D46DE8}") = "Domain", "Domain", "{B9E4409A-1994-493C-8F2B-82AEF36D399D}"
EndProject
Project("{FAE04EC0-301F-11D3-BF4B-00C04F79EFBC}") = "Application", "BookingService\Core\Application\Application\Application.csproj", "{00B90C0A-7D6E-43E4-917A-A3DE1256B0FE}"
EndProject
Project("{FAE04EC0-301F-11D3-BF4B-00C04F79EFBC}") = "Domain", "BookingService\Core\Domain\Domain\Domain.csproj", "{55648F02-7800-4E86-A6E9-8346A33A9B9A}"
EndProject
Project("{2150E333-8FDC-42A3-9474-1A3956D46DE8}") = "Adapters", "Adapters", "{2C4A870F-9703-4E44-A5D9-8466BC692382}"
EndProject
Project("{2150E333-8FDC-42A3-9474-1A3956D46DE8}") = "Application", "Application", "{66C8D270-0430-4A0B-ABB3-5ACD32AC2360}"
EndProject
Project("{2150E333-8FDC-42A3-9474-1A3956D46DE8}") = "Domain", "Domain", "{E681749E-F2AD-4B8A-B41B-4007EB35CEB2}"
EndProject
Project("{FAE04EC0-301F-11D3-BF4B-00C04F79EFBC}") = "AdaptersTests", "BookingService\Tests\Adapters\AdaptersTests\AdaptersTests.csproj", "{C29E0EAB-2F8D-44E3-8B8B-B3319568159D}"
EndProject
Project("{FAE04EC0-301F-11D3-BF4B-00C04F79EFBC}") = "ApplicationTests", "BookingService\Tests\Application\ApplicationTests\ApplicationTests.csproj", "{D5021476-1552-44CF-AEA6-F806680135A8}"
EndProject
Project("{FAE04EC0-301F-11D3-BF4B-00C04F79EFBC}") = "DomainTests", "BookingService\Tests\Domain\DomainTests\DomainTests.csproj", "{24960C2F-CF88-4AFF-9095-EE4310845B66}"
EndProject
Project("{FAE04EC0-301F-11D3-BF4B-00C04F79EFBC}") = "API", "BookingService\Consumers\API\API\API.csproj", "{D2E4997A-820E-43E1-BC10-A98C8026A2D0}"
EndProject
Project("{2150E333-8FDC-42A3-9474-1A3956D46DE8}") = "Core", "Core", "{BC59C278-DB5D-491A-9344-02B8059415DF}"
EndProject
Project("{2150E333-8FDC-42A3-9474-1A3956D46DE8}") = "Application", "Application", "{254B0B29-63DA-47BD-A1A1-0882F8BE8771}"
EndProject
Project("{2150E333-8FDC-42A3-9474-1A3956D46DE8}") = "Domain", "Domain", "{6C21070A-4912-4921-AC2E-6B502DE8A164}"
EndProject
Project("{FAE04EC0-301F-11D3-BF4B-00C04F79EFBC}") = "Payment.Application", "PaymentService\Core\Application\Application\Payment.Application.csproj", "{D31F5961-EEBB-4CE9-944B-DBF89F9A0B11}"
EndProject
Global
	GlobalSection(SolutionConfigurationPlatforms) = preSolution
		Debug|Any CPU = Debug|Any CPU
		Debug|ARM64 = Debug|ARM64
		Debug|x64 = Debug|x64
		Debug|x86 = Debug|x86
		Release|Any CPU = Release|Any CPU
		Release|ARM64 = Release|ARM64
		Release|x64 = Release|x64
		Release|x86 = Release|x86
	EndGlobalSection
	GlobalSection(ProjectConfigurationPlatforms) = postSolution
		{199B0D8B-3115-4138-8EE9-D01AEDAA8814}.Debug|Any CPU.ActiveCfg = Debug|Any CPU
		{199B0D8B-3115-4138-8EE9-D01AEDAA8814}.Debug|Any CPU.Build.0 = Debug|Any CPU
		{199B0D8B-3115-4138-8EE9-D01AEDAA8814}.Debug|ARM64.ActiveCfg = Debug|Any CPU
		{199B0D8B-3115-4138-8EE9-D01AEDAA8814}.Debug|ARM64.Build.0 = Debug|Any CPU
		{199B0D8B-3115-4138-8EE9-D01AEDAA8814}.Debug|x64.ActiveCfg = Debug|Any CPU
		{199B0D8B-3115-4138-8EE9-D01AEDAA8814}.Debug|x64.Build.0 = Debug|Any CPU
		{199B0D8B-3115-4138-8EE9-D01AEDAA8814}.Debug|x86.ActiveCfg = Debug|Any CPU
		{199B0D8B-3115-4138-8EE9-D01AEDAA8814}.Debug|x86.Build.0 = Debug|Any CPU
		{199B0D8B-3115-4138-8EE9-D01AEDAA8814}.Release|Any CPU.ActiveCfg = Release|Any CPU
		{199B0D8B-3115-4138-8EE9-D01AEDAA8814}.Release|Any CPU.Build.0 = Release|Any CPU
		{199B0D8B-3115-4138-8EE9-D01AEDAA8814}.Release|ARM64.ActiveCfg = Release|Any CPU
		{199B0D8B-3115-4138-8EE9-D01AEDAA8814}.Release|ARM64.Build.0 = Release|Any CPU
		{199B0D8B-3115-4138-8EE9-D01AEDAA8814}.Release|x64.ActiveCfg = Release|Any CPU
		{199B0D8B-3115-4138-8EE9-D01AEDAA8814}.Release|x64.Build.0 = Release|Any CPU
		{199B0D8B-3115-4138-8EE9-D01AEDAA8814}.Release|x86.ActiveCfg = Release|Any CPU
		{199B0D8B-3115-4138-8EE9-D01AEDAA8814}.Release|x86.Build.0 = Release|Any CPU
		{00B90C0A-7D6E-43E4-917A-A3DE1256B0FE}.Debug|Any CPU.ActiveCfg = Debug|Any CPU
		{00B90C0A-7D6E-43E4-917A-A3DE1256B0FE}.Debug|Any CPU.Build.0 = Debug|Any CPU
		{00B90C0A-7D6E-43E4-917A-A3DE1256B0FE}.Debug|ARM64.ActiveCfg = Debug|Any CPU
		{00B90C0A-7D6E-43E4-917A-A3DE1256B0FE}.Debug|ARM64.Build.0 = Debug|Any CPU
		{00B90C0A-7D6E-43E4-917A-A3DE1256B0FE}.Debug|x64.ActiveCfg = Debug|Any CPU
		{00B90C0A-7D6E-43E4-917A-A3DE1256B0FE}.Debug|x64.Build.0 = Debug|Any CPU
		{00B90C0A-7D6E-43E4-917A-A3DE1256B0FE}.Debug|x86.ActiveCfg = Debug|Any CPU
		{00B90C0A-7D6E-43E4-917A-A3DE1256B0FE}.Debug|x86.Build.0 = Debug|Any CPU
		{00B90C0A-7D6E-43E4-917A-A3DE1256B0FE}.Release|Any CPU.ActiveCfg = Release|Any CPU
		{00B90C0A-7D6E-43E4-917A-A3DE1256B0FE}.Release|Any CPU.Build.0 = Release|Any CPU
		{00B90C0A-7D6E-43E4-917A-A3DE1256B0FE}.Release|ARM64.ActiveCfg = Release|Any CPU
		{00B90C0A-7D6E-43E4-917A-A3DE1256B0FE}.Release|ARM64.Build.0 = Release|Any CPU
		{00B90C0A-7D6E-43E4-917A-A3DE1256B0FE}.Release|x64.ActiveCfg = Release|Any CPU
		{00B90C0A-7D6E-43E4-917A-A3DE1256B0FE}.Release|x64.Build.0 = Release|Any CPU
		{00B90C0A-7D6E-43E4-917A-A3DE1256B0FE}.Release|x86.ActiveCfg = Release|Any CPU
		{00B90C0A-7D6E-43E4-917A-A3DE1256B0FE}.Release|x86.Build.0 = Release|Any CPU
		{55648F02-7800-4E86-A6E9-8346A33A9B9A}.Debug|Any CPU.ActiveCfg = Debug|Any CPU
		{55648F02-7800-4E86-A6E9-8346A33A9B9A}.Debug|Any CPU.Build.0 = Debug|Any CPU
		{55648F02-7800-4E86-A6E9-8346A33A9B9A}.Debug|ARM64.ActiveCfg = Debug|Any CPU
		{55648F02-7800-4E86-A6E9-8346A33A9B9A}.Debug|ARM64.Build.0 = Debug|Any CPU
		{55648F02-7800-4E86-A6E9-8346A33A9B9A}.Debug|x64.ActiveCfg = Debug|Any CPU
		{55648F02-7800-4E86-A6E9-8346A33A9B9A}.Debug|x64.Build.0 = Debug|Any CPU
		{55648F02-7800-4E86-A6E9-8346A33A9B9A}.Debug|x86.ActiveCfg = Debug|Any CPU
		{55648F02-7800-4E86-A6E9-8346A33A9B9A}.Debug|x86.Build.0 = Debug|Any CPU
		{55648F02-7800-4E86-A6E9-8346A33A9B9A}.Release|Any CPU.ActiveCfg = Release|Any CPU
		{55648F02-7800-4E86-A6E9-8346A33A9B9A}.Release|Any CPU.Build.0 = Release|Any CPU
		{55648F02-7800-4E86-A6E9-8346A33A9B9A}.Release|ARM64.ActiveCfg = Release|Any CPU
		{55648F02-7800-4E86-A6E9-8346A33A9B9A}.Release|ARM64.Build.0 = Release|Any CPU
		{55648F02-7800-4E86-A6E9-8346A33A9B9A}.Release|x64.ActiveCfg = Release|Any CPU
		{55648F02-7800-4E86-A6E9-8346A33A9B9A}.Release|x64.Build.0 = Release|Any CPU
		{55648F02-7800-4E86-A6E9-8346A33A9B9A}.Release|x86.ActiveCfg = Release|Any CPU
		{55648F02-7800-4E86-A6E9-8346A33A9B9A}.Release|x86.Build.0 = Release|Any CPU
		{C29E0EAB-2F8D-44E3-8B8B-B3319568159D}.Debug|Any CPU.ActiveCfg = Debug|Any CPU
		{C29E0EAB-2F8D-44E3-8B8B-B3319568159D}.Debug|Any CPU.Build.0 = Debug|Any CPU
		{C29E0EAB-2F8D-44E3-8B8B-B3319568159D}.Debug|ARM64.ActiveCfg = Debug|Any CPU
		{C29E0EAB-2F8D-44E3-8B8B-B3319568159D}.Debug|ARM64.Build.0 = Debug|Any CPU
		{C29E0EAB-2F8D-44E3-8B8B-B3319568159D}.Debug|x64.ActiveCfg = Debug|Any CPU
		{C29E0EAB-2F8D-44E3-8B8B-B3319568159D}.Debug|x64.Build.0 = Debug|Any CPU
		{C29E0EAB-2F8D-44E3-8B8B-B3319568159D}.Debug|x86.ActiveCfg = Debug|Any CPU
		{C29E0EAB-2F8D-44E3-8B8B-B3319568159D}.Debug|x86.Build.0 = Debug|Any CPU
		{C29E0EAB-2F8D-44E3-8B8B-B3319568159D}.Release|Any CPU.ActiveCfg = Release|Any CPU
		{C29E0EAB-2F8D-44E3-8B8B-B3319568159D}.Release|Any CPU.Build.0 = Release|Any CPU
		{C29E0EAB-2F8D-44E3-8B8B-B3319568159D}.Release|ARM64.ActiveCfg = Release|Any CPU
		{C29E0EAB-2F8D-44E3-8B8B-B3319568159D}.Release|ARM64.Build.0 = Release|Any CPU
		{C29E0EAB-2F8D-44E3-8B8B-B3319568159D}.Release|x64.ActiveCfg = Release|Any CPU
		{C29E0EAB-2F8D-44E3-8B8B-B3319568159D}.Release|x64.Build.0 = Release|Any CPU
		{C29E0EAB-2F8D-44E3-8B8B-B3319568159D}.Release|x86.ActiveCfg = Release|Any CPU
		{C29E0EAB-2F8D-44E3-8B8B-B3319568159D}.Release|x86.Build.0 = Release|Any CPU
		{D5021476-1552-44CF-AEA6-F806680135A8}.Debug|Any CPU.ActiveCfg = Debug|Any CPU
		{D5021476-1552-44CF-AEA6-F806680135A8}.Debug|Any CPU.Build.0 = Debug|Any CPU
		{D5021476-1552-44CF-AEA6-F806680135A8}.Debug|ARM64.ActiveCfg = Debug|Any CPU
		{D5021476-1552-44CF-AEA6-F806680135A8}.Debug|ARM64.Build.0 = Debug|Any CPU
		{D5021476-1552-44CF-AEA6-F806680135A8}.Debug|x64.ActiveCfg = Debug|Any CPU
		{D5021476-1552-44CF-AEA6-F806680135A8}.Debug|x64.Build.0 = Debug|Any CPU
		{D5021476-1552-44CF-AEA6-F806680135A8}.Debug|x86.ActiveCfg = Debug|Any CPU
		{D5021476-1552-44CF-AEA6-F806680135A8}.Debug|x86.Build.0 = Debug|Any CPU
		{D5021476-1552-44CF-AEA6-F806680135A8}.Release|Any CPU.ActiveCfg = Release|Any CPU
		{D5021476-1552-44CF-AEA6-F806680135A8}.Release|Any CPU.Build.0 = Release|Any CPU
		{D5021476-1552-44CF-AEA6-F806680135A8}.Release|ARM64.ActiveCfg = Release|Any CPU
		{D5021476-1552-44CF-AEA6-F806680135A8}.Release|ARM64.Build.0 = Release|Any CPU
		{D5021476-1552-44CF-AEA6-F806680135A8}.Release|x64.ActiveCfg = Release|Any CPU
		{D5021476-1552-44CF-AEA6-F806680135A8}.Release|x64.Build.0 = Release|Any CPU
		{D5021476-1552-44CF-AEA6-F806680135A8}.Release|x86.ActiveCfg = Release|Any CPU
		{D5021476-1552-44CF-AEA6-F806680135A8}.Release|x86.Build.0 = Release|Any CPU
		{24960C2F-CF88-4AFF-9095-EE4310845B66}.Debug|Any CPU.ActiveCfg = Debug|Any CPU
		{24960C2F-CF88-4AFF-9095-EE4310845B66}.Debug|Any CPU.Build.0 = Debug|Any CPU
		{24960C2F-CF88-4AFF-9095-EE4310845B66}.Debug|ARM64.ActiveCfg = Debug|Any CPU
		{24960C2F-CF88-4AFF-9095-EE4310845B66}.Debug|ARM64.Build.0 = Debug|Any CPU
		{24960C2F-CF88-4AFF-9095-EE4310845B66}.Debug|x64.ActiveCfg = Debug|Any CPU
		{24960C2F-CF88-4AFF-9095-EE4310845B66}.Debug|x64.Build.0 = Debug|Any CPU
		{24960C2F-CF88-4AFF-9095-EE4310845B66}.Debug|x86.ActiveCfg = Debug|Any CPU
		{24960C2F-CF88-4AFF-9095-EE4310845B66}.Debug|x86.Build.0 = Debug|Any CPU
		{24960C2F-CF88-4AFF-9095-EE4310845B66}.Release|Any CPU.ActiveCfg = Release|Any CPU
		{24960C2F-CF88-4AFF-9095-EE4310845B66}.Release|Any CPU.Build.0 = Release|Any CPU
		{24960C2F-CF88-4AFF-9095-EE4310845B66}.Release|ARM64.ActiveCfg = Release|Any CPU
		{24960C2F-CF88-4AFF-9095-EE4310845B66}.Release|ARM64.Build.0 = Release|Any CPU
		{24960C2F-CF88-4AFF-9095-EE4310845B66}.Release|x64.ActiveCfg = Release|Any CPU
		{24960C2F-CF88-4AFF-9095-EE4310845B66}.Release|x64.Build.0 = Release|Any CPU
		{24960C2F-CF88-4AFF-9095-EE4310845B66}.Release|x86.ActiveCfg = Release|Any CPU
		{24960C2F-CF88-4AFF-9095-EE4310845B66}.Release|x86.Build.0 = Release|Any CPU
		{D2E4997A-820E-43E1-BC10-A98C8026A2D0}.Debug|Any CPU.ActiveCfg = Debug|Any CPU
		{D2E4997A-820E-43E1-BC10-A98C8026A2D0}.Debug|Any CPU.Build.0 = Debug|Any CPU
		{D2E4997A-820E-43E1-BC10-A98C8026A2D0}.Debug|ARM64.ActiveCfg = Debug|ARM64
		{D2E4997A-820E-43E1-BC10-A98C8026A2D0}.Debug|ARM64.Build.0 = Debug|ARM64
		{D2E4997A-820E-43E1-BC10-A98C8026A2D0}.Debug|x64.ActiveCfg = Debug|x64
		{D2E4997A-820E-43E1-BC10-A98C8026A2D0}.Debug|x64.Build.0 = Debug|x64
		{D2E4997A-820E-43E1-BC10-A98C8026A2D0}.Debug|x86.ActiveCfg = Debug|x86
		{D2E4997A-820E-43E1-BC10-A98C8026A2D0}.Debug|x86.Build.0 = Debug|x86
		{D2E4997A-820E-43E1-BC10-A98C8026A2D0}.Release|Any CPU.ActiveCfg = Release|Any CPU
		{D2E4997A-820E-43E1-BC10-A98C8026A2D0}.Release|Any CPU.Build.0 = Release|Any CPU
		{D2E4997A-820E-43E1-BC10-A98C8026A2D0}.Release|ARM64.ActiveCfg = Release|ARM64
		{D2E4997A-820E-43E1-BC10-A98C8026A2D0}.Release|ARM64.Build.0 = Release|ARM64
		{D2E4997A-820E-43E1-BC10-A98C8026A2D0}.Release|x64.ActiveCfg = Release|x64
		{D2E4997A-820E-43E1-BC10-A98C8026A2D0}.Release|x64.Build.0 = Release|x64
		{D2E4997A-820E-43E1-BC10-A98C8026A2D0}.Release|x86.ActiveCfg = Release|x86
		{D2E4997A-820E-43E1-BC10-A98C8026A2D0}.Release|x86.Build.0 = Release|x86
		{D31F5961-EEBB-4CE9-944B-DBF89F9A0B11}.Debug|Any CPU.ActiveCfg = Debug|Any CPU
		{D31F5961-EEBB-4CE9-944B-DBF89F9A0B11}.Debug|Any CPU.Build.0 = Debug|Any CPU
		{D31F5961-EEBB-4CE9-944B-DBF89F9A0B11}.Debug|ARM64.ActiveCfg = Debug|Any CPU
		{D31F5961-EEBB-4CE9-944B-DBF89F9A0B11}.Debug|ARM64.Build.0 = Debug|Any CPU
		{D31F5961-EEBB-4CE9-944B-DBF89F9A0B11}.Debug|x64.ActiveCfg = Debug|Any CPU
		{D31F5961-EEBB-4CE9-944B-DBF89F9A0B11}.Debug|x64.Build.0 = Debug|Any CPU
		{D31F5961-EEBB-4CE9-944B-DBF89F9A0B11}.Debug|x86.ActiveCfg = Debug|Any CPU
		{D31F5961-EEBB-4CE9-944B-DBF89F9A0B11}.Debug|x86.Build.0 = Debug|Any CPU
		{D31F5961-EEBB-4CE9-944B-DBF89F9A0B11}.Release|Any CPU.ActiveCfg = Release|Any CPU
		{D31F5961-EEBB-4CE9-944B-DBF89F9A0B11}.Release|Any CPU.Build.0 = Release|Any CPU
		{D31F5961-EEBB-4CE9-944B-DBF89F9A0B11}.Release|ARM64.ActiveCfg = Release|Any CPU
		{D31F5961-EEBB-4CE9-944B-DBF89F9A0B11}.Release|ARM64.Build.0 = Release|Any CPU
		{D31F5961-EEBB-4CE9-944B-DBF89F9A0B11}.Release|x64.ActiveCfg = Release|Any CPU
		{D31F5961-EEBB-4CE9-944B-DBF89F9A0B11}.Release|x64.Build.0 = Release|Any CPU
		{D31F5961-EEBB-4CE9-944B-DBF89F9A0B11}.Release|x86.ActiveCfg = Release|Any CPU
		{D31F5961-EEBB-4CE9-944B-DBF89F9A0B11}.Release|x86.Build.0 = Release|Any CPU
	EndGlobalSection
	GlobalSection(SolutionProperties) = preSolution
		HideSolutionNode = FALSE
	EndGlobalSection
	GlobalSection(NestedProjects) = preSolution
		{F3E6E658-99A1-4DE0-8E0B-E14794933765} = {02EA681E-C7D8-13C7-8484-4AC65E1B71E8}
		{8D738D12-DF7A-4BB1-8826-1073C61ADBFE} = {02EA681E-C7D8-13C7-8484-4AC65E1B71E8}
		{C5AB0190-FFC3-4983-A279-500F3EA0FD9E} = {02EA681E-C7D8-13C7-8484-4AC65E1B71E8}
		{30184653-5AA8-4EFD-9D38-EC3C6FE68B8E} = {02EA681E-C7D8-13C7-8484-4AC65E1B71E8}
		{199B0D8B-3115-4138-8EE9-D01AEDAA8814} = {F3E6E658-99A1-4DE0-8E0B-E14794933765}
		{67112502-9901-4846-89A8-EB4BAD4FB026} = {C5AB0190-FFC3-4983-A279-500F3EA0FD9E}
		{B9E4409A-1994-493C-8F2B-82AEF36D399D} = {C5AB0190-FFC3-4983-A279-500F3EA0FD9E}
		{00B90C0A-7D6E-43E4-917A-A3DE1256B0FE} = {67112502-9901-4846-89A8-EB4BAD4FB026}
		{55648F02-7800-4E86-A6E9-8346A33A9B9A} = {B9E4409A-1994-493C-8F2B-82AEF36D399D}
		{2C4A870F-9703-4E44-A5D9-8466BC692382} = {30184653-5AA8-4EFD-9D38-EC3C6FE68B8E}
		{66C8D270-0430-4A0B-ABB3-5ACD32AC2360} = {30184653-5AA8-4EFD-9D38-EC3C6FE68B8E}
		{E681749E-F2AD-4B8A-B41B-4007EB35CEB2} = {30184653-5AA8-4EFD-9D38-EC3C6FE68B8E}
		{C29E0EAB-2F8D-44E3-8B8B-B3319568159D} = {2C4A870F-9703-4E44-A5D9-8466BC692382}
		{D5021476-1552-44CF-AEA6-F806680135A8} = {66C8D270-0430-4A0B-ABB3-5ACD32AC2360}
		{24960C2F-CF88-4AFF-9095-EE4310845B66} = {E681749E-F2AD-4B8A-B41B-4007EB35CEB2}
		{D2E4997A-820E-43E1-BC10-A98C8026A2D0} = {8D738D12-DF7A-4BB1-8826-1073C61ADBFE}
		{BC59C278-DB5D-491A-9344-02B8059415DF} = {D1B503FF-0D95-4979-BA7D-99991FFF3270}
		{254B0B29-63DA-47BD-A1A1-0882F8BE8771} = {BC59C278-DB5D-491A-9344-02B8059415DF}
		{6C21070A-4912-4921-AC2E-6B502DE8A164} = {BC59C278-DB5D-491A-9344-02B8059415DF}
		{D31F5961-EEBB-4CE9-944B-DBF89F9A0B11} = {254B0B29-63DA-47BD-A1A1-0882F8BE8771}
	EndGlobalSection
	GlobalSection(ExtensibilityGlobals) = postSolution
		SolutionGuid = {C9F98405-33E4-4596-820C-6B20F1E9AC94}
	EndGlobalSection
EndGlobal
