
Microsoft Visual Studio Solution File, Format Version 12.00
# Visual Studio Version 17
VisualStudioVersion = 17.14.36121.58 d17.14
MinimumVisualStudioVersion = 10.0.40219.1
Project("{2150E333-8FDC-42A3-9474-1A3956D46DE8}") = "BookingService", "BookingService", "{02EA681E-C7D8-13C7-8484-4AC65E1B71E8}"
EndProject
Project("{2150E333-8FDC-42A3-9474-1A3956D46DE8}") = "PaymentService", "PaymentService", "{718DAA99-EFE2-46C6-823D-FFFE90C5EAED}"
EndProject
Project("{2150E333-8FDC-42A3-9474-1A3956D46DE8}") = "Adapters", "Adapters", "{D6878CF0-E8BC-4371-B635-CF517A1588A1}"
EndProject
Project("{2150E333-8FDC-42A3-9474-1A3956D46DE8}") = "Consumers", "Consumers", "{6F99C4D6-5413-4D82-B222-952DF4C24218}"
EndProject
Project("{2150E333-8FDC-42A3-9474-1A3956D46DE8}") = "Core", "Core", "{06510159-856F-4113-B27B-E65C1BE9C469}"
EndProject
Project("{2150E333-8FDC-42A3-9474-1A3956D46DE8}") = "Tests", "Tests", "{D0263544-94B4-44D3-BC15-A18CAB9DAC39}"
EndProject
Project("{2150E333-8FDC-42A3-9474-1A3956D46DE8}") = "Application", "Application", "{18E5FF0B-5486-4010-B201-3AE1096BD709}"
EndProject
Project("{2150E333-8FDC-42A3-9474-1A3956D46DE8}") = "Domain", "Domain", "{FCD85065-A2FA-4C89-BF0B-EAF343AE1215}"
EndProject
Project("{2150E333-8FDC-42A3-9474-1A3956D46DE8}") = "Adapters", "Adapters", "{427974E0-09B8-4A20-BA9A-6D730E88E873}"
EndProject
Project("{2150E333-8FDC-42A3-9474-1A3956D46DE8}") = "Application", "Application", "{F9A1E615-3041-4A46-99DD-549E4B0F9A83}"
EndProject
Project("{2150E333-8FDC-42A3-9474-1A3956D46DE8}") = "Domain", "Domain", "{99BD811F-B217-467F-99F7-3E6620E4D78A}"
EndProject
Project("{FAE04EC0-301F-11D3-BF4B-00C04F79EFBC}") = "Domain", "Core\Domain\Domain.csproj", "{AB0B87E9-4132-4D71-A677-5362CD93ACDE}"
EndProject
Project("{FAE04EC0-301F-11D3-BF4B-00C04F79EFBC}") = "Application", "Core\Application\Application.csproj", "{DEAB0505-03B5-4555-9711-286BFEF724C1}"
EndProject
Project("{FAE04EC0-301F-11D3-BF4B-00C04F79EFBC}") = "API", "Consumers\API\API.csproj", "{44CF16B9-9A6B-40AC-A6E6-6EECF47986FF}"
EndProject
Project("{FAE04EC0-301F-11D3-BF4B-00C04F79EFBC}") = "Data", "Adapters\Data\Data.csproj", "{D37B7978-A5D8-409D-BC49-E2CA7EAEA14B}"
EndProject
Project("{FAE04EC0-301F-11D3-BF4B-00C04F79EFBC}") = "AdaptersTests", "Tests\Adapters\AdaptersTests\AdaptersTests.csproj", "{F86AE88B-1651-4560-BC72-D18ECFBD09EF}"
EndProject
Project("{FAE04EC0-301F-11D3-BF4B-00C04F79EFBC}") = "ApplicationTests", "Tests\Application\ApplicationTests\ApplicationTests.csproj", "{6C172D05-EEFB-404C-8E68-4F26AD5D90A1}"
EndProject
Project("{FAE04EC0-301F-11D3-BF4B-00C04F79EFBC}") = "DomainTests", "Tests\Domain\DomainTests\DomainTests.csproj", "{08B442F2-92E6-4F7A-B01E-915049B8FF7B}"
EndProject
Global
	GlobalSection(SolutionConfigurationPlatforms) = preSolution
		Debug|Any CPU = Debug|Any CPU
		Release|Any CPU = Release|Any CPU
	EndGlobalSection
	GlobalSection(ProjectConfigurationPlatforms) = postSolution
		{AB0B87E9-4132-4D71-A677-5362CD93ACDE}.Debug|Any CPU.ActiveCfg = Debug|Any CPU
		{AB0B87E9-4132-4D71-A677-5362CD93ACDE}.Debug|Any CPU.Build.0 = Debug|Any CPU
		{AB0B87E9-4132-4D71-A677-5362CD93ACDE}.Release|Any CPU.ActiveCfg = Release|Any CPU
		{AB0B87E9-4132-4D71-A677-5362CD93ACDE}.Release|Any CPU.Build.0 = Release|Any CPU
		{DEAB0505-03B5-4555-9711-286BFEF724C1}.Debug|Any CPU.ActiveCfg = Debug|Any CPU
		{DEAB0505-03B5-4555-9711-286BFEF724C1}.Debug|Any CPU.Build.0 = Debug|Any CPU
		{DEAB0505-03B5-4555-9711-286BFEF724C1}.Release|Any CPU.ActiveCfg = Release|Any CPU
		{DEAB0505-03B5-4555-9711-286BFEF724C1}.Release|Any CPU.Build.0 = Release|Any CPU
		{44CF16B9-9A6B-40AC-A6E6-6EECF47986FF}.Debug|Any CPU.ActiveCfg = Debug|Any CPU
		{44CF16B9-9A6B-40AC-A6E6-6EECF47986FF}.Debug|Any CPU.Build.0 = Debug|Any CPU
		{44CF16B9-9A6B-40AC-A6E6-6EECF47986FF}.Release|Any CPU.ActiveCfg = Release|Any CPU
		{44CF16B9-9A6B-40AC-A6E6-6EECF47986FF}.Release|Any CPU.Build.0 = Release|Any CPU
		{D37B7978-A5D8-409D-BC49-E2CA7EAEA14B}.Debug|Any CPU.ActiveCfg = Debug|Any CPU
		{D37B7978-A5D8-409D-BC49-E2CA7EAEA14B}.Debug|Any CPU.Build.0 = Debug|Any CPU
		{D37B7978-A5D8-409D-BC49-E2CA7EAEA14B}.Release|Any CPU.ActiveCfg = Release|Any CPU
		{D37B7978-A5D8-409D-BC49-E2CA7EAEA14B}.Release|Any CPU.Build.0 = Release|Any CPU
		{F86AE88B-1651-4560-BC72-D18ECFBD09EF}.Debug|Any CPU.ActiveCfg = Debug|Any CPU
		{F86AE88B-1651-4560-BC72-D18ECFBD09EF}.Debug|Any CPU.Build.0 = Debug|Any CPU
		{F86AE88B-1651-4560-BC72-D18ECFBD09EF}.Release|Any CPU.ActiveCfg = Release|Any CPU
		{F86AE88B-1651-4560-BC72-D18ECFBD09EF}.Release|Any CPU.Build.0 = Release|Any CPU
		{6C172D05-EEFB-404C-8E68-4F26AD5D90A1}.Debug|Any CPU.ActiveCfg = Debug|Any CPU
		{6C172D05-EEFB-404C-8E68-4F26AD5D90A1}.Debug|Any CPU.Build.0 = Debug|Any CPU
		{6C172D05-EEFB-404C-8E68-4F26AD5D90A1}.Release|Any CPU.ActiveCfg = Release|Any CPU
		{6C172D05-EEFB-404C-8E68-4F26AD5D90A1}.Release|Any CPU.Build.0 = Release|Any CPU
		{08B442F2-92E6-4F7A-B01E-915049B8FF7B}.Debug|Any CPU.ActiveCfg = Debug|Any CPU
		{08B442F2-92E6-4F7A-B01E-915049B8FF7B}.Debug|Any CPU.Build.0 = Debug|Any CPU
		{08B442F2-92E6-4F7A-B01E-915049B8FF7B}.Release|Any CPU.ActiveCfg = Release|Any CPU
		{08B442F2-92E6-4F7A-B01E-915049B8FF7B}.Release|Any CPU.Build.0 = Release|Any CPU
	EndGlobalSection
	GlobalSection(SolutionProperties) = preSolution
		HideSolutionNode = FALSE
	EndGlobalSection
	GlobalSection(NestedProjects) = preSolution
		{D6878CF0-E8BC-4371-B635-CF517A1588A1} = {02EA681E-C7D8-13C7-8484-4AC65E1B71E8}
		{6F99C4D6-5413-4D82-B222-952DF4C24218} = {02EA681E-C7D8-13C7-8484-4AC65E1B71E8}
		{06510159-856F-4113-B27B-E65C1BE9C469} = {02EA681E-C7D8-13C7-8484-4AC65E1B71E8}
		{D0263544-94B4-44D3-BC15-A18CAB9DAC39} = {02EA681E-C7D8-13C7-8484-4AC65E1B71E8}
		{18E5FF0B-5486-4010-B201-3AE1096BD709} = {06510159-856F-4113-B27B-E65C1BE9C469}
		{FCD85065-A2FA-4C89-BF0B-EAF343AE1215} = {06510159-856F-4113-B27B-E65C1BE9C469}
		{427974E0-09B8-4A20-BA9A-6D730E88E873} = {D0263544-94B4-44D3-BC15-A18CAB9DAC39}
		{F9A1E615-3041-4A46-99DD-549E4B0F9A83} = {D0263544-94B4-44D3-BC15-A18CAB9DAC39}
		{99BD811F-B217-467F-99F7-3E6620E4D78A} = {D0263544-94B4-44D3-BC15-A18CAB9DAC39}
		{AB0B87E9-4132-4D71-A677-5362CD93ACDE} = {FCD85065-A2FA-4C89-BF0B-EAF343AE1215}
		{DEAB0505-03B5-4555-9711-286BFEF724C1} = {18E5FF0B-5486-4010-B201-3AE1096BD709}
		{44CF16B9-9A6B-40AC-A6E6-6EECF47986FF} = {6F99C4D6-5413-4D82-B222-952DF4C24218}
		{D37B7978-A5D8-409D-BC49-E2CA7EAEA14B} = {D6878CF0-E8BC-4371-B635-CF517A1588A1}
		{F86AE88B-1651-4560-BC72-D18ECFBD09EF} = {427974E0-09B8-4A20-BA9A-6D730E88E873}
		{6C172D05-EEFB-404C-8E68-4F26AD5D90A1} = {F9A1E615-3041-4A46-99DD-549E4B0F9A83}
		{08B442F2-92E6-4F7A-B01E-915049B8FF7B} = {99BD811F-B217-467F-99F7-3E6620E4D78A}
	EndGlobalSection
	GlobalSection(ExtensibilityGlobals) = postSolution
		SolutionGuid = {33186C2C-799D-4B52-BADF-F2243226F21C}
	EndGlobalSection
EndGlobal
